
Microsoft Visual Studio Solution File, Format Version 12.00
# Visual Studio 2012
Project("{FAE04EC0-301F-11D3-BF4B-00C04F79EFBC}") = "ArduinoCom", "ArduinoCom\ArduinoCom.csproj", "{61A16131-DDBF-4BC5-AB4A-B73F2305C2F1}"
EndProject
Project("{FAE04EC0-301F-11D3-BF4B-00C04F79EFBC}") = "SerialIO", "SerialIO\SerialIO.csproj", "{5FA8D4B1-2EDE-49EC-B56B-A4F7B7AF9832}"
EndProject
Global
	GlobalSection(SolutionConfigurationPlatforms) = preSolution
		Debug|x86 = Debug|x86
		Release|x86 = Release|x86
	EndGlobalSection
	GlobalSection(ProjectConfigurationPlatforms) = postSolution
		{5FA8D4B1-2EDE-49EC-B56B-A4F7B7AF9832}.Debug|x86.ActiveCfg = Debug|Any CPU
		{5FA8D4B1-2EDE-49EC-B56B-A4F7B7AF9832}.Debug|x86.Build.0 = Debug|Any CPU
		{5FA8D4B1-2EDE-49EC-B56B-A4F7B7AF9832}.Release|x86.ActiveCfg = Release|Any CPU
		{5FA8D4B1-2EDE-49EC-B56B-A4F7B7AF9832}.Release|x86.Build.0 = Release|Any CPU
		{61A16131-DDBF-4BC5-AB4A-B73F2305C2F1}.Debug|x86.ActiveCfg = Debug|x86
		{61A16131-DDBF-4BC5-AB4A-B73F2305C2F1}.Debug|x86.Build.0 = Debug|x86
		{61A16131-DDBF-4BC5-AB4A-B73F2305C2F1}.Release|x86.ActiveCfg = Release|x86
		{61A16131-DDBF-4BC5-AB4A-B73F2305C2F1}.Release|x86.Build.0 = Release|x86
	EndGlobalSection
EndGlobal
